
Microsoft Visual Studio Solution File, Format Version 12.00
# Visual Studio Version 17
VisualStudioVersion = 17.14.36221.1
MinimumVisualStudioVersion = 10.0.40219.1
Project("{FAE04EC0-301F-11D3-BF4B-00C04F79EFBC}") = "FlashEvents.Tests", "FlashEvents.Tests\FlashEvents.Tests.csproj", "{9E8F8D95-1FEC-4B54-B84D-2DB4C1581FFF}"
EndProject
Project("{FAE04EC0-301F-11D3-BF4B-00C04F79EFBC}") = "FlashEvents", "FlashEvents\FlashEvents.csproj", "{BE75B8B7-36F7-1CDF-A4D3-2800DB570B60}"
EndProject
Project("{FAE04EC0-301F-11D3-BF4B-00C04F79EFBC}") = "FluentEvents.Benchmarks", "FluentEvents.BenchMarks\FluentEvents.Benchmarks.csproj", "{88C9E77B-9E9F-4CC6-9FAA-591BF80DE5B3}"
EndProject
Global
	GlobalSection(SolutionConfigurationPlatforms) = preSolution
		Debug|Any CPU = Debug|Any CPU
		Release|Any CPU = Release|Any CPU
	EndGlobalSection
	GlobalSection(ProjectConfigurationPlatforms) = postSolution
		{9E8F8D95-1FEC-4B54-B84D-2DB4C1581FFF}.Debug|Any CPU.ActiveCfg = Debug|Any CPU
		{9E8F8D95-1FEC-4B54-B84D-2DB4C1581FFF}.Debug|Any CPU.Build.0 = Debug|Any CPU
		{9E8F8D95-1FEC-4B54-B84D-2DB4C1581FFF}.Release|Any CPU.ActiveCfg = Release|Any CPU
		{9E8F8D95-1FEC-4B54-B84D-2DB4C1581FFF}.Release|Any CPU.Build.0 = Release|Any CPU
		{BE75B8B7-36F7-1CDF-A4D3-2800DB570B60}.Debug|Any CPU.ActiveCfg = Debug|Any CPU
		{BE75B8B7-36F7-1CDF-A4D3-2800DB570B60}.Debug|Any CPU.Build.0 = Debug|Any CPU
		{BE75B8B7-36F7-1CDF-A4D3-2800DB570B60}.Release|Any CPU.ActiveCfg = Release|Any CPU
		{BE75B8B7-36F7-1CDF-A4D3-2800DB570B60}.Release|Any CPU.Build.0 = Release|Any CPU
		{88C9E77B-9E9F-4CC6-9FAA-591BF80DE5B3}.Debug|Any CPU.ActiveCfg = Debug|Any CPU
		{88C9E77B-9E9F-4CC6-9FAA-591BF80DE5B3}.Debug|Any CPU.Build.0 = Debug|Any CPU
		{88C9E77B-9E9F-4CC6-9FAA-591BF80DE5B3}.Release|Any CPU.ActiveCfg = Release|Any CPU
		{88C9E77B-9E9F-4CC6-9FAA-591BF80DE5B3}.Release|Any CPU.Build.0 = Release|Any CPU
	EndGlobalSection
	GlobalSection(SolutionProperties) = preSolution
		HideSolutionNode = FALSE
	EndGlobalSection
	GlobalSection(ExtensibilityGlobals) = postSolution
		SolutionGuid = {E627357F-2D9B-4ED9-B15A-67A2F1F324B3}
	EndGlobalSection
EndGlobal
